
Microsoft Visual Studio Solution File, Format Version 12.00
# Visual Studio Version 17
VisualStudioVersion = 17.0.31912.275
MinimumVisualStudioVersion = 10.0.40219.1
Project("{9A19103F-16F7-4668-BE54-9A1E7A4F7556}") = "MonsterCardTradingGame", "MonsterCardTradingGame\MonsterCardTradingGame.csproj", "{CF6AFAC0-7BF8-4324-9654-E7598B3D559B}"
EndProject
Project("{9A19103F-16F7-4668-BE54-9A1E7A4F7556}") = "Client", "Client\Client.csproj", "{1908485B-DC50-4EBA-8A77-BA0EAF71CA67}"
EndProject
Project("{FAE04EC0-301F-11D3-BF4B-00C04F79EFBC}") = "DAL", "DAL\DAL.csproj", "{BDEBE73C-AA05-422F-9E68-C6282F11EC19}"
EndProject
Global
	GlobalSection(SolutionConfigurationPlatforms) = preSolution
		Debug|Any CPU = Debug|Any CPU
		Release|Any CPU = Release|Any CPU
	EndGlobalSection
	GlobalSection(ProjectConfigurationPlatforms) = postSolution
		{CF6AFAC0-7BF8-4324-9654-E7598B3D559B}.Debug|Any CPU.ActiveCfg = Debug|Any CPU
		{CF6AFAC0-7BF8-4324-9654-E7598B3D559B}.Debug|Any CPU.Build.0 = Debug|Any CPU
		{CF6AFAC0-7BF8-4324-9654-E7598B3D559B}.Release|Any CPU.ActiveCfg = Release|Any CPU
		{CF6AFAC0-7BF8-4324-9654-E7598B3D559B}.Release|Any CPU.Build.0 = Release|Any CPU
		{1908485B-DC50-4EBA-8A77-BA0EAF71CA67}.Debug|Any CPU.ActiveCfg = Debug|Any CPU
		{1908485B-DC50-4EBA-8A77-BA0EAF71CA67}.Debug|Any CPU.Build.0 = Debug|Any CPU
		{1908485B-DC50-4EBA-8A77-BA0EAF71CA67}.Release|Any CPU.ActiveCfg = Release|Any CPU
		{1908485B-DC50-4EBA-8A77-BA0EAF71CA67}.Release|Any CPU.Build.0 = Release|Any CPU
		{BDEBE73C-AA05-422F-9E68-C6282F11EC19}.Debug|Any CPU.ActiveCfg = Debug|Any CPU
		{BDEBE73C-AA05-422F-9E68-C6282F11EC19}.Debug|Any CPU.Build.0 = Debug|Any CPU
		{BDEBE73C-AA05-422F-9E68-C6282F11EC19}.Release|Any CPU.ActiveCfg = Release|Any CPU
		{BDEBE73C-AA05-422F-9E68-C6282F11EC19}.Release|Any CPU.Build.0 = Release|Any CPU
	EndGlobalSection
	GlobalSection(SolutionProperties) = preSolution
		HideSolutionNode = FALSE
	EndGlobalSection
	GlobalSection(ExtensibilityGlobals) = postSolution
		SolutionGuid = {EB675530-A7A0-412D-B192-EACA80BAB5CB}
	EndGlobalSection
EndGlobal
